
Microsoft Visual Studio Solution File, Format Version 12.00
# Visual Studio Version 17
VisualStudioVersion = 17.9.34902.65
MinimumVisualStudioVersion = 10.0.40219.1
Project("{FAE04EC0-301F-11D3-BF4B-00C04F79EFBC}") = "FastReportsTests", "FastReportsTests\FastReportsTests.csproj", "{351E29F0-C6DA-4250-A772-301B41DA778A}"
EndProject
Global
	GlobalSection(SolutionConfigurationPlatforms) = preSolution
		Debug|Any CPU = Debug|Any CPU
		Release|Any CPU = Release|Any CPU
	EndGlobalSection
	GlobalSection(ProjectConfigurationPlatforms) = postSolution
		{351E29F0-C6DA-4250-A772-301B41DA778A}.Debug|Any CPU.ActiveCfg = Debug|Any CPU
		{351E29F0-C6DA-4250-A772-301B41DA778A}.Debug|Any CPU.Build.0 = Debug|Any CPU
		{351E29F0-C6DA-4250-A772-301B41DA778A}.Release|Any CPU.ActiveCfg = Release|Any CPU
		{351E29F0-C6DA-4250-A772-301B41DA778A}.Release|Any CPU.Build.0 = Release|Any CPU
	EndGlobalSection
	GlobalSection(SolutionProperties) = preSolution
		HideSolutionNode = FALSE
	EndGlobalSection
	GlobalSection(ExtensibilityGlobals) = postSolution
		SolutionGuid = {47E4DC58-7350-4578-9F83-E249F0C7C328}
	EndGlobalSection
EndGlobal
